// !$*UTF8*$!
{
	archiveVersion = 1;
	classes = {
	};
	objectVersion = 46;
	objects = {

/* Begin PBXBuildFile section */
		15693D03201303E1000C22D9 /* AppDelegate.swift in Sources */ = {isa = PBXBuildFile; fileRef = 15693D02201303E1000C22D9 /* AppDelegate.swift */; };
		15693D05201303E1000C22D9 /* ViewController.swift in Sources */ = {isa = PBXBuildFile; fileRef = 15693D04201303E1000C22D9 /* ViewController.swift */; };
		15693D08201303E1000C22D9 /* Main.storyboard in Resources */ = {isa = PBXBuildFile; fileRef = 15693D06201303E1000C22D9 /* Main.storyboard */; };
		15693D0A201303E1000C22D9 /* Assets.xcassets in Resources */ = {isa = PBXBuildFile; fileRef = 15693D09201303E1000C22D9 /* Assets.xcassets */; };
		15693D0D201303E1000C22D9 /* LaunchScreen.storyboard in Resources */ = {isa = PBXBuildFile; fileRef = 15693D0B201303E1000C22D9 /* LaunchScreen.storyboard */; };
		15693D18201303E1000C22D9 /* Zippy_ContactTests.swift in Sources */ = {isa = PBXBuildFile; fileRef = 15693D17201303E1000C22D9 /* Zippy_ContactTests.swift */; };
		15693D23201303E1000C22D9 /* Zippy_ContactUITests.swift in Sources */ = {isa = PBXBuildFile; fileRef = 15693D22201303E1000C22D9 /* Zippy_ContactUITests.swift */; };
		186D25EB4AC867B4FB05C89E /* Pods_Zippy_Contact.framework in Frameworks */ = {isa = PBXBuildFile; fileRef = 3E56A425423BD2AC20BBA328 /* Pods_Zippy_Contact.framework */; };
		A7EAB516DED93B9E5ED2066D /* Pods_Zippy_ContactUITests.framework in Frameworks */ = {isa = PBXBuildFile; fileRef = EC75FD52D3FE50E559268F41 /* Pods_Zippy_ContactUITests.framework */; };
		F2F724CC5D69768EDF784DBD /* Pods_Zippy_ContactTests.framework in Frameworks */ = {isa = PBXBuildFile; fileRef = 689B3C225EBD91FF0B981530 /* Pods_Zippy_ContactTests.framework */; };
/* End PBXBuildFile section */

/* Begin PBXContainerItemProxy section */
		15693D14201303E1000C22D9 /* PBXContainerItemProxy */ = {
			isa = PBXContainerItemProxy;
			containerPortal = 15693CF7201303E1000C22D9 /* Project object */;
			proxyType = 1;
			remoteGlobalIDString = 15693CFE201303E1000C22D9;
			remoteInfo = "Zippy Contact";
		};
		15693D1F201303E1000C22D9 /* PBXContainerItemProxy */ = {
			isa = PBXContainerItemProxy;
			containerPortal = 15693CF7201303E1000C22D9 /* Project object */;
			proxyType = 1;
			remoteGlobalIDString = 15693CFE201303E1000C22D9;
			remoteInfo = "Zippy Contact";
		};
/* End PBXContainerItemProxy section */

/* Begin PBXFileReference section */
		126A9C50AF89488A1918FC64 /* Pods-Zippy Contact.debug.xcconfig */ = {isa = PBXFileReference; includeInIndex = 1; lastKnownFileType = text.xcconfig; name = "Pods-Zippy Contact.debug.xcconfig"; path = "Pods/Target Support Files/Pods-Zippy Contact/Pods-Zippy Contact.debug.xcconfig"; sourceTree = "<group>"; };
		15693CFF201303E1000C22D9 /* Zippy Contact.app */ = {isa = PBXFileReference; explicitFileType = wrapper.application; includeInIndex = 0; path = "Zippy Contact.app"; sourceTree = BUILT_PRODUCTS_DIR; };
		15693D02201303E1000C22D9 /* AppDelegate.swift */ = {isa = PBXFileReference; lastKnownFileType = sourcecode.swift; path = AppDelegate.swift; sourceTree = "<group>"; };
		15693D04201303E1000C22D9 /* ViewController.swift */ = {isa = PBXFileReference; lastKnownFileType = sourcecode.swift; path = ViewController.swift; sourceTree = "<group>"; };
		15693D07201303E1000C22D9 /* Base */ = {isa = PBXFileReference; lastKnownFileType = file.storyboard; name = Base; path = Base.lproj/Main.storyboard; sourceTree = "<group>"; };
		15693D09201303E1000C22D9 /* Assets.xcassets */ = {isa = PBXFileReference; lastKnownFileType = folder.assetcatalog; path = Assets.xcassets; sourceTree = "<group>"; };
		15693D0C201303E1000C22D9 /* Base */ = {isa = PBXFileReference; lastKnownFileType = file.storyboard; name = Base; path = Base.lproj/LaunchScreen.storyboard; sourceTree = "<group>"; };
		15693D0E201303E1000C22D9 /* Info.plist */ = {isa = PBXFileReference; lastKnownFileType = text.plist.xml; path = Info.plist; sourceTree = "<group>"; };
		15693D13201303E1000C22D9 /* Zippy ContactTests.xctest */ = {isa = PBXFileReference; explicitFileType = wrapper.cfbundle; includeInIndex = 0; path = "Zippy ContactTests.xctest"; sourceTree = BUILT_PRODUCTS_DIR; };
		15693D17201303E1000C22D9 /* Zippy_ContactTests.swift */ = {isa = PBXFileReference; lastKnownFileType = sourcecode.swift; path = Zippy_ContactTests.swift; sourceTree = "<group>"; };
		15693D19201303E1000C22D9 /* Info.plist */ = {isa = PBXFileReference; lastKnownFileType = text.plist.xml; path = Info.plist; sourceTree = "<group>"; };
		15693D1E201303E1000C22D9 /* Zippy ContactUITests.xctest */ = {isa = PBXFileReference; explicitFileType = wrapper.cfbundle; includeInIndex = 0; path = "Zippy ContactUITests.xctest"; sourceTree = BUILT_PRODUCTS_DIR; };
		15693D22201303E1000C22D9 /* Zippy_ContactUITests.swift */ = {isa = PBXFileReference; lastKnownFileType = sourcecode.swift; path = Zippy_ContactUITests.swift; sourceTree = "<group>"; };
		15693D24201303E1000C22D9 /* Info.plist */ = {isa = PBXFileReference; lastKnownFileType = text.plist.xml; path = Info.plist; sourceTree = "<group>"; };
		3E56A425423BD2AC20BBA328 /* Pods_Zippy_Contact.framework */ = {isa = PBXFileReference; explicitFileType = wrapper.framework; includeInIndex = 0; path = Pods_Zippy_Contact.framework; sourceTree = BUILT_PRODUCTS_DIR; };
		5832C9676928819E606DE9BA /* Pods-Zippy ContactUITests.release.xcconfig */ = {isa = PBXFileReference; includeInIndex = 1; lastKnownFileType = text.xcconfig; name = "Pods-Zippy ContactUITests.release.xcconfig"; path = "Pods/Target Support Files/Pods-Zippy ContactUITests/Pods-Zippy ContactUITests.release.xcconfig"; sourceTree = "<group>"; };
		689B3C225EBD91FF0B981530 /* Pods_Zippy_ContactTests.framework */ = {isa = PBXFileReference; explicitFileType = wrapper.framework; includeInIndex = 0; path = Pods_Zippy_ContactTests.framework; sourceTree = BUILT_PRODUCTS_DIR; };
		8AA4578EE4111EE3A8639D57 /* Pods-Zippy ContactUITests.debug.xcconfig */ = {isa = PBXFileReference; includeInIndex = 1; lastKnownFileType = text.xcconfig; name = "Pods-Zippy ContactUITests.debug.xcconfig"; path = "Pods/Target Support Files/Pods-Zippy ContactUITests/Pods-Zippy ContactUITests.debug.xcconfig"; sourceTree = "<group>"; };
		ABFE10E3F1206AFFBA3D85D4 /* Pods-Zippy ContactTests.release.xcconfig */ = {isa = PBXFileReference; includeInIndex = 1; lastKnownFileType = text.xcconfig; name = "Pods-Zippy ContactTests.release.xcconfig"; path = "Pods/Target Support Files/Pods-Zippy ContactTests/Pods-Zippy ContactTests.release.xcconfig"; sourceTree = "<group>"; };
		C8032391A4EA14CE234DA1F0 /* Pods-Zippy ContactTests.debug.xcconfig */ = {isa = PBXFileReference; includeInIndex = 1; lastKnownFileType = text.xcconfig; name = "Pods-Zippy ContactTests.debug.xcconfig"; path = "Pods/Target Support Files/Pods-Zippy ContactTests/Pods-Zippy ContactTests.debug.xcconfig"; sourceTree = "<group>"; };
		CCA4477B1699A27331176B0E /* Pods-Zippy Contact.release.xcconfig */ = {isa = PBXFileReference; includeInIndex = 1; lastKnownFileType = text.xcconfig; name = "Pods-Zippy Contact.release.xcconfig"; path = "Pods/Target Support Files/Pods-Zippy Contact/Pods-Zippy Contact.release.xcconfig"; sourceTree = "<group>"; };
		EC75FD52D3FE50E559268F41 /* Pods_Zippy_ContactUITests.framework */ = {isa = PBXFileReference; explicitFileType = wrapper.framework; includeInIndex = 0; path = Pods_Zippy_ContactUITests.framework; sourceTree = BUILT_PRODUCTS_DIR; };
/* End PBXFileReference section */

/* Begin PBXFrameworksBuildPhase section */
		15693CFC201303E1000C22D9 /* Frameworks */ = {
			isa = PBXFrameworksBuildPhase;
			buildActionMask = 2147483647;
			files = (
				186D25EB4AC867B4FB05C89E /* Pods_Zippy_Contact.framework in Frameworks */,
			);
			runOnlyForDeploymentPostprocessing = 0;
		};
		15693D10201303E1000C22D9 /* Frameworks */ = {
			isa = PBXFrameworksBuildPhase;
			buildActionMask = 2147483647;
			files = (
				F2F724CC5D69768EDF784DBD /* Pods_Zippy_ContactTests.framework in Frameworks */,
			);
			runOnlyForDeploymentPostprocessing = 0;
		};
		15693D1B201303E1000C22D9 /* Frameworks */ = {
			isa = PBXFrameworksBuildPhase;
			buildActionMask = 2147483647;
			files = (
				A7EAB516DED93B9E5ED2066D /* Pods_Zippy_ContactUITests.framework in Frameworks */,
			);
			runOnlyForDeploymentPostprocessing = 0;
		};
/* End PBXFrameworksBuildPhase section */

/* Begin PBXGroup section */
		15693CF6201303E1000C22D9 = {
			isa = PBXGroup;
			children = (
				15693D01201303E1000C22D9 /* Zippy Contact */,
				15693D16201303E1000C22D9 /* Zippy ContactTests */,
				15693D21201303E1000C22D9 /* Zippy ContactUITests */,
				15693D00201303E1000C22D9 /* Products */,
				2D387D97A30CC663B27F322C /* Pods */,
				A75B9717C2ED1D7D66EAB02D /* Frameworks */,
			);
			sourceTree = "<group>";
		};
		15693D00201303E1000C22D9 /* Products */ = {
			isa = PBXGroup;
			children = (
				15693CFF201303E1000C22D9 /* Zippy Contact.app */,
				15693D13201303E1000C22D9 /* Zippy ContactTests.xctest */,
				15693D1E201303E1000C22D9 /* Zippy ContactUITests.xctest */,
			);
			name = Products;
			sourceTree = "<group>";
		};
		15693D01201303E1000C22D9 /* Zippy Contact */ = {
			isa = PBXGroup;
			children = (
				15693D02201303E1000C22D9 /* AppDelegate.swift */,
				15693D04201303E1000C22D9 /* ViewController.swift */,
				15693D06201303E1000C22D9 /* Main.storyboard */,
				15693D09201303E1000C22D9 /* Assets.xcassets */,
				15693D0B201303E1000C22D9 /* LaunchScreen.storyboard */,
				15693D0E201303E1000C22D9 /* Info.plist */,
			);
			path = "Zippy Contact";
			sourceTree = "<group>";
		};
		15693D16201303E1000C22D9 /* Zippy ContactTests */ = {
			isa = PBXGroup;
			children = (
				15693D17201303E1000C22D9 /* Zippy_ContactTests.swift */,
				15693D19201303E1000C22D9 /* Info.plist */,
			);
			path = "Zippy ContactTests";
			sourceTree = "<group>";
		};
		15693D21201303E1000C22D9 /* Zippy ContactUITests */ = {
			isa = PBXGroup;
			children = (
				15693D22201303E1000C22D9 /* Zippy_ContactUITests.swift */,
				15693D24201303E1000C22D9 /* Info.plist */,
			);
			path = "Zippy ContactUITests";
			sourceTree = "<group>";
		};
		2D387D97A30CC663B27F322C /* Pods */ = {
			isa = PBXGroup;
			children = (
				126A9C50AF89488A1918FC64 /* Pods-Zippy Contact.debug.xcconfig */,
				CCA4477B1699A27331176B0E /* Pods-Zippy Contact.release.xcconfig */,
				C8032391A4EA14CE234DA1F0 /* Pods-Zippy ContactTests.debug.xcconfig */,
				ABFE10E3F1206AFFBA3D85D4 /* Pods-Zippy ContactTests.release.xcconfig */,
				8AA4578EE4111EE3A8639D57 /* Pods-Zippy ContactUITests.debug.xcconfig */,
				5832C9676928819E606DE9BA /* Pods-Zippy ContactUITests.release.xcconfig */,
			);
			name = Pods;
			sourceTree = "<group>";
		};
		A75B9717C2ED1D7D66EAB02D /* Frameworks */ = {
			isa = PBXGroup;
			children = (
				3E56A425423BD2AC20BBA328 /* Pods_Zippy_Contact.framework */,
				689B3C225EBD91FF0B981530 /* Pods_Zippy_ContactTests.framework */,
				EC75FD52D3FE50E559268F41 /* Pods_Zippy_ContactUITests.framework */,
			);
			name = Frameworks;
			sourceTree = "<group>";
		};
/* End PBXGroup section */

/* Begin PBXNativeTarget section */
		15693CFE201303E1000C22D9 /* Zippy Contact */ = {
			isa = PBXNativeTarget;
			buildConfigurationList = 15693D27201303E1000C22D9 /* Build configuration list for PBXNativeTarget "Zippy Contact" */;
			buildPhases = (
				0428064BFF8D1380845F265C /* [CP] Check Pods Manifest.lock */,
				15693CFB201303E1000C22D9 /* Sources */,
				15693CFC201303E1000C22D9 /* Frameworks */,
				15693CFD201303E1000C22D9 /* Resources */,
				782F15492275567197832DFE /* [CP] Embed Pods Frameworks */,
				75145DF23F548FE0A34EA2AC /* [CP] Copy Pods Resources */,
			);
			buildRules = (
			);
			dependencies = (
			);
			name = "Zippy Contact";
			productName = "Zippy Contact";
			productReference = 15693CFF201303E1000C22D9 /* Zippy Contact.app */;
			productType = "com.apple.product-type.application";
		};
		15693D12201303E1000C22D9 /* Zippy ContactTests */ = {
			isa = PBXNativeTarget;
			buildConfigurationList = 15693D2A201303E1000C22D9 /* Build configuration list for PBXNativeTarget "Zippy ContactTests" */;
			buildPhases = (
				71507A12D48BB5B12FE1172E /* [CP] Check Pods Manifest.lock */,
				15693D0F201303E1000C22D9 /* Sources */,
				15693D10201303E1000C22D9 /* Frameworks */,
				15693D11201303E1000C22D9 /* Resources */,
				E6E31CF1BA6F74127BE52337 /* [CP] Embed Pods Frameworks */,
				06983CDA0A17E551743BBE36 /* [CP] Copy Pods Resources */,
			);
			buildRules = (
			);
			dependencies = (
				15693D15201303E1000C22D9 /* PBXTargetDependency */,
			);
			name = "Zippy ContactTests";
			productName = "Zippy ContactTests";
			productReference = 15693D13201303E1000C22D9 /* Zippy ContactTests.xctest */;
			productType = "com.apple.product-type.bundle.unit-test";
		};
		15693D1D201303E1000C22D9 /* Zippy ContactUITests */ = {
			isa = PBXNativeTarget;
			buildConfigurationList = 15693D2D201303E1000C22D9 /* Build configuration list for PBXNativeTarget "Zippy ContactUITests" */;
			buildPhases = (
				044DCD98002B63ED3DA779E2 /* [CP] Check Pods Manifest.lock */,
				15693D1A201303E1000C22D9 /* Sources */,
				15693D1B201303E1000C22D9 /* Frameworks */,
				15693D1C201303E1000C22D9 /* Resources */,
				D3B77AC3A1EE7230C9C89A1B /* [CP] Embed Pods Frameworks */,
				930FC9DA1589DA91702F4057 /* [CP] Copy Pods Resources */,
			);
			buildRules = (
			);
			dependencies = (
				15693D20201303E1000C22D9 /* PBXTargetDependency */,
			);
			name = "Zippy ContactUITests";
			productName = "Zippy ContactUITests";
			productReference = 15693D1E201303E1000C22D9 /* Zippy ContactUITests.xctest */;
			productType = "com.apple.product-type.bundle.ui-testing";
		};
/* End PBXNativeTarget section */

/* Begin PBXProject section */
		15693CF7201303E1000C22D9 /* Project object */ = {
			isa = PBXProject;
			attributes = {
				LastSwiftUpdateCheck = 0720;
				LastUpgradeCheck = 0720;
				ORGANIZATIONNAME = "Andrei Gurau";
				TargetAttributes = {
					15693CFE201303E1000C22D9 = {
						CreatedOnToolsVersion = 7.2;
						DevelopmentTeam = WP25DH78C2;
					};
					15693D12201303E1000C22D9 = {
						CreatedOnToolsVersion = 7.2;
						DevelopmentTeam = WP25DH78C2;
						TestTargetID = 15693CFE201303E1000C22D9;
					};
					15693D1D201303E1000C22D9 = {
						CreatedOnToolsVersion = 7.2;
						DevelopmentTeam = WP25DH78C2;
						TestTargetID = 15693CFE201303E1000C22D9;
					};
				};
			};
			buildConfigurationList = 15693CFA201303E1000C22D9 /* Build configuration list for PBXProject "Zippy Contact" */;
			compatibilityVersion = "Xcode 3.2";
			developmentRegion = English;
			hasScannedForEncodings = 0;
			knownRegions = (
				en,
				Base,
			);
			mainGroup = 15693CF6201303E1000C22D9;
			productRefGroup = 15693D00201303E1000C22D9 /* Products */;
			projectDirPath = "";
			projectRoot = "";
			targets = (
				15693CFE201303E1000C22D9 /* Zippy Contact */,
				15693D12201303E1000C22D9 /* Zippy ContactTests */,
				15693D1D201303E1000C22D9 /* Zippy ContactUITests */,
			);
		};
/* End PBXProject section */

/* Begin PBXResourcesBuildPhase section */
		15693CFD201303E1000C22D9 /* Resources */ = {
			isa = PBXResourcesBuildPhase;
			buildActionMask = 2147483647;
			files = (
				15693D0D201303E1000C22D9 /* LaunchScreen.storyboard in Resources */,
				15693D0A201303E1000C22D9 /* Assets.xcassets in Resources */,
				15693D08201303E1000C22D9 /* Main.storyboard in Resources */,
			);
			runOnlyForDeploymentPostprocessing = 0;
		};
		15693D11201303E1000C22D9 /* Resources */ = {
			isa = PBXResourcesBuildPhase;
			buildActionMask = 2147483647;
			files = (
			);
			runOnlyForDeploymentPostprocessing = 0;
		};
		15693D1C201303E1000C22D9 /* Resources */ = {
			isa = PBXResourcesBuildPhase;
			buildActionMask = 2147483647;
			files = (
			);
			runOnlyForDeploymentPostprocessing = 0;
		};
/* End PBXResourcesBuildPhase section */

/* Begin PBXShellScriptBuildPhase section */
		0428064BFF8D1380845F265C /* [CP] Check Pods Manifest.lock */ = {
			isa = PBXShellScriptBuildPhase;
			buildActionMask = 2147483647;
			files = (
			);
			inputPaths = (
				"${PODS_PODFILE_DIR_PATH}/Podfile.lock",
				"${PODS_ROOT}/Manifest.lock",
			);
			name = "[CP] Check Pods Manifest.lock";
			outputPaths = (
				"$(DERIVED_FILE_DIR)/Pods-Zippy Contact-checkManifestLockResult.txt",
			);
			runOnlyForDeploymentPostprocessing = 0;
			shellPath = /bin/sh;
			shellScript = "diff \"${PODS_PODFILE_DIR_PATH}/Podfile.lock\" \"${PODS_ROOT}/Manifest.lock\" > /dev/null\nif [ $? != 0 ] ; then\n    # print error to STDERR\n    echo \"error: The sandbox is not in sync with the Podfile.lock. Run 'pod install' or update your CocoaPods installation.\" >&2\n    exit 1\nfi\n# This output is used by Xcode 'outputs' to avoid re-running this script phase.\necho \"SUCCESS\" > \"${SCRIPT_OUTPUT_FILE_0}\"\n";
			showEnvVarsInLog = 0;
		};
		044DCD98002B63ED3DA779E2 /* [CP] Check Pods Manifest.lock */ = {
			isa = PBXShellScriptBuildPhase;
			buildActionMask = 2147483647;
			files = (
			);
			inputPaths = (
				"${PODS_PODFILE_DIR_PATH}/Podfile.lock",
				"${PODS_ROOT}/Manifest.lock",
			);
			name = "[CP] Check Pods Manifest.lock";
			outputPaths = (
				"$(DERIVED_FILE_DIR)/Pods-Zippy ContactUITests-checkManifestLockResult.txt",
			);
			runOnlyForDeploymentPostprocessing = 0;
			shellPath = /bin/sh;
			shellScript = "diff \"${PODS_PODFILE_DIR_PATH}/Podfile.lock\" \"${PODS_ROOT}/Manifest.lock\" > /dev/null\nif [ $? != 0 ] ; then\n    # print error to STDERR\n    echo \"error: The sandbox is not in sync with the Podfile.lock. Run 'pod install' or update your CocoaPods installation.\" >&2\n    exit 1\nfi\n# This output is used by Xcode 'outputs' to avoid re-running this script phase.\necho \"SUCCESS\" > \"${SCRIPT_OUTPUT_FILE_0}\"\n";
			showEnvVarsInLog = 0;
		};
		06983CDA0A17E551743BBE36 /* [CP] Copy Pods Resources */ = {
			isa = PBXShellScriptBuildPhase;
			buildActionMask = 2147483647;
			files = (
			);
			inputPaths = (
			);
			name = "[CP] Copy Pods Resources";
			outputPaths = (
			);
			runOnlyForDeploymentPostprocessing = 0;
			shellPath = /bin/sh;
			shellScript = "\"${SRCROOT}/Pods/Target Support Files/Pods-Zippy ContactTests/Pods-Zippy ContactTests-resources.sh\"\n";
			showEnvVarsInLog = 0;
		};
		71507A12D48BB5B12FE1172E /* [CP] Check Pods Manifest.lock */ = {
			isa = PBXShellScriptBuildPhase;
			buildActionMask = 2147483647;
			files = (
			);
			inputPaths = (
				"${PODS_PODFILE_DIR_PATH}/Podfile.lock",
				"${PODS_ROOT}/Manifest.lock",
			);
			name = "[CP] Check Pods Manifest.lock";
			outputPaths = (
				"$(DERIVED_FILE_DIR)/Pods-Zippy ContactTests-checkManifestLockResult.txt",
			);
			runOnlyForDeploymentPostprocessing = 0;
			shellPath = /bin/sh;
			shellScript = "diff \"${PODS_PODFILE_DIR_PATH}/Podfile.lock\" \"${PODS_ROOT}/Manifest.lock\" > /dev/null\nif [ $? != 0 ] ; then\n    # print error to STDERR\n    echo \"error: The sandbox is not in sync with the Podfile.lock. Run 'pod install' or update your CocoaPods installation.\" >&2\n    exit 1\nfi\n# This output is used by Xcode 'outputs' to avoid re-running this script phase.\necho \"SUCCESS\" > \"${SCRIPT_OUTPUT_FILE_0}\"\n";
			showEnvVarsInLog = 0;
		};
		75145DF23F548FE0A34EA2AC /* [CP] Copy Pods Resources */ = {
			isa = PBXShellScriptBuildPhase;
			buildActionMask = 2147483647;
			files = (
			);
			inputPaths = (
			);
			name = "[CP] Copy Pods Resources";
			outputPaths = (
			);
			runOnlyForDeploymentPostprocessing = 0;
			shellPath = /bin/sh;
			shellScript = "\"${SRCROOT}/Pods/Target Support Files/Pods-Zippy Contact/Pods-Zippy Contact-resources.sh\"\n";
			showEnvVarsInLog = 0;
		};
		782F15492275567197832DFE /* [CP] Embed Pods Frameworks */ = {
			isa = PBXShellScriptBuildPhase;
			buildActionMask = 2147483647;
			files = (
			);
			inputPaths = (
			);
			name = "[CP] Embed Pods Frameworks";
			outputPaths = (
			);
			runOnlyForDeploymentPostprocessing = 0;
			shellPath = /bin/sh;
			shellScript = "\"${SRCROOT}/Pods/Target Support Files/Pods-Zippy Contact/Pods-Zippy Contact-frameworks.sh\"\n";
			showEnvVarsInLog = 0;
		};
		930FC9DA1589DA91702F4057 /* [CP] Copy Pods Resources */ = {
			isa = PBXShellScriptBuildPhase;
			buildActionMask = 2147483647;
			files = (
			);
			inputPaths = (
			);
			name = "[CP] Copy Pods Resources";
			outputPaths = (
			);
			runOnlyForDeploymentPostprocessing = 0;
			shellPath = /bin/sh;
			shellScript = "\"${SRCROOT}/Pods/Target Support Files/Pods-Zippy ContactUITests/Pods-Zippy ContactUITests-resources.sh\"\n";
			showEnvVarsInLog = 0;
		};
		D3B77AC3A1EE7230C9C89A1B /* [CP] Embed Pods Frameworks */ = {
			isa = PBXShellScriptBuildPhase;
			buildActionMask = 2147483647;
			files = (
			);
			inputPaths = (
			);
			name = "[CP] Embed Pods Frameworks";
			outputPaths = (
			);
			runOnlyForDeploymentPostprocessing = 0;
			shellPath = /bin/sh;
			shellScript = "\"${SRCROOT}/Pods/Target Support Files/Pods-Zippy ContactUITests/Pods-Zippy ContactUITests-frameworks.sh\"\n";
			showEnvVarsInLog = 0;
		};
		E6E31CF1BA6F74127BE52337 /* [CP] Embed Pods Frameworks */ = {
			isa = PBXShellScriptBuildPhase;
			buildActionMask = 2147483647;
			files = (
			);
			inputPaths = (
			);
			name = "[CP] Embed Pods Frameworks";
			outputPaths = (
			);
			runOnlyForDeploymentPostprocessing = 0;
			shellPath = /bin/sh;
			shellScript = "\"${SRCROOT}/Pods/Target Support Files/Pods-Zippy ContactTests/Pods-Zippy ContactTests-frameworks.sh\"\n";
			showEnvVarsInLog = 0;
		};
/* End PBXShellScriptBuildPhase section */

/* Begin PBXSourcesBuildPhase section */
		15693CFB201303E1000C22D9 /* Sources */ = {
			isa = PBXSourcesBuildPhase;
			buildActionMask = 2147483647;
			files = (
				15693D05201303E1000C22D9 /* ViewController.swift in Sources */,
				15693D03201303E1000C22D9 /* AppDelegate.swift in Sources */,
			);
			runOnlyForDeploymentPostprocessing = 0;
		};
		15693D0F201303E1000C22D9 /* Sources */ = {
			isa = PBXSourcesBuildPhase;
			buildActionMask = 2147483647;
			files = (
				15693D18201303E1000C22D9 /* Zippy_ContactTests.swift in Sources */,
			);
			runOnlyForDeploymentPostprocessing = 0;
		};
		15693D1A201303E1000C22D9 /* Sources */ = {
			isa = PBXSourcesBuildPhase;
			buildActionMask = 2147483647;
			files = (
				15693D23201303E1000C22D9 /* Zippy_ContactUITests.swift in Sources */,
			);
			runOnlyForDeploymentPostprocessing = 0;
		};
/* End PBXSourcesBuildPhase section */

/* Begin PBXTargetDependency section */
		15693D15201303E1000C22D9 /* PBXTargetDependency */ = {
			isa = PBXTargetDependency;
			target = 15693CFE201303E1000C22D9 /* Zippy Contact */;
			targetProxy = 15693D14201303E1000C22D9 /* PBXContainerItemProxy */;
		};
		15693D20201303E1000C22D9 /* PBXTargetDependency */ = {
			isa = PBXTargetDependency;
			target = 15693CFE201303E1000C22D9 /* Zippy Contact */;
			targetProxy = 15693D1F201303E1000C22D9 /* PBXContainerItemProxy */;
		};
/* End PBXTargetDependency section */

/* Begin PBXVariantGroup section */
		15693D06201303E1000C22D9 /* Main.storyboard */ = {
			isa = PBXVariantGroup;
			children = (
				15693D07201303E1000C22D9 /* Base */,
			);
			name = Main.storyboard;
			sourceTree = "<group>";
		};
		15693D0B201303E1000C22D9 /* LaunchScreen.storyboard */ = {
			isa = PBXVariantGroup;
			children = (
				15693D0C201303E1000C22D9 /* Base */,
			);
			name = LaunchScreen.storyboard;
			sourceTree = "<group>";
		};
/* End PBXVariantGroup section */

/* Begin XCBuildConfiguration section */
		15693D25201303E1000C22D9 /* Debug */ = {
			isa = XCBuildConfiguration;
			buildSettings = {
				ALWAYS_SEARCH_USER_PATHS = NO;
				CLANG_CXX_LANGUAGE_STANDARD = "gnu++0x";
				CLANG_CXX_LIBRARY = "libc++";
				CLANG_ENABLE_MODULES = YES;
				CLANG_ENABLE_OBJC_ARC = YES;
				CLANG_WARN_BOOL_CONVERSION = YES;
				CLANG_WARN_CONSTANT_CONVERSION = YES;
				CLANG_WARN_DIRECT_OBJC_ISA_USAGE = YES_ERROR;
				CLANG_WARN_EMPTY_BODY = YES;
				CLANG_WARN_ENUM_CONVERSION = YES;
				CLANG_WARN_INT_CONVERSION = YES;
				CLANG_WARN_OBJC_ROOT_CLASS = YES_ERROR;
				CLANG_WARN_UNREACHABLE_CODE = YES;
				CLANG_WARN__DUPLICATE_METHOD_MATCH = YES;
				"CODE_SIGN_IDENTITY[sdk=iphoneos*]" = "iPhone Developer";
				COPY_PHASE_STRIP = NO;
				DEBUG_INFORMATION_FORMAT = dwarf;
				ENABLE_STRICT_OBJC_MSGSEND = YES;
				ENABLE_TESTABILITY = YES;
				GCC_C_LANGUAGE_STANDARD = gnu99;
				GCC_DYNAMIC_NO_PIC = NO;
				GCC_NO_COMMON_BLOCKS = YES;
				GCC_OPTIMIZATION_LEVEL = 0;
				GCC_PREPROCESSOR_DEFINITIONS = (
					"DEBUG=1",
					"$(inherited)",
				);
				GCC_WARN_64_TO_32_BIT_CONVERSION = YES;
				GCC_WARN_ABOUT_RETURN_TYPE = YES_ERROR;
				GCC_WARN_UNDECLARED_SELECTOR = YES;
				GCC_WARN_UNINITIALIZED_AUTOS = YES_AGGRESSIVE;
				GCC_WARN_UNUSED_FUNCTION = YES;
				GCC_WARN_UNUSED_VARIABLE = YES;
				IPHONEOS_DEPLOYMENT_TARGET = 9.2;
				MTL_ENABLE_DEBUG_INFO = YES;
				ONLY_ACTIVE_ARCH = YES;
				SDKROOT = iphoneos;
				SWIFT_OPTIMIZATION_LEVEL = "-Onone";
			};
			name = Debug;
		};
		15693D26201303E1000C22D9 /* Release */ = {
			isa = XCBuildConfiguration;
			buildSettings = {
				ALWAYS_SEARCH_USER_PATHS = NO;
				CLANG_CXX_LANGUAGE_STANDARD = "gnu++0x";
				CLANG_CXX_LIBRARY = "libc++";
				CLANG_ENABLE_MODULES = YES;
				CLANG_ENABLE_OBJC_ARC = YES;
				CLANG_WARN_BOOL_CONVERSION = YES;
				CLANG_WARN_CONSTANT_CONVERSION = YES;
				CLANG_WARN_DIRECT_OBJC_ISA_USAGE = YES_ERROR;
				CLANG_WARN_EMPTY_BODY = YES;
				CLANG_WARN_ENUM_CONVERSION = YES;
				CLANG_WARN_INT_CONVERSION = YES;
				CLANG_WARN_OBJC_ROOT_CLASS = YES_ERROR;
				CLANG_WARN_UNREACHABLE_CODE = YES;
				CLANG_WARN__DUPLICATE_METHOD_MATCH = YES;
				"CODE_SIGN_IDENTITY[sdk=iphoneos*]" = "iPhone Developer";
				COPY_PHASE_STRIP = NO;
				DEBUG_INFORMATION_FORMAT = "dwarf-with-dsym";
				ENABLE_NS_ASSERTIONS = NO;
				ENABLE_STRICT_OBJC_MSGSEND = YES;
				GCC_C_LANGUAGE_STANDARD = gnu99;
				GCC_NO_COMMON_BLOCKS = YES;
				GCC_WARN_64_TO_32_BIT_CONVERSION = YES;
				GCC_WARN_ABOUT_RETURN_TYPE = YES_ERROR;
				GCC_WARN_UNDECLARED_SELECTOR = YES;
				GCC_WARN_UNINITIALIZED_AUTOS = YES_AGGRESSIVE;
				GCC_WARN_UNUSED_FUNCTION = YES;
				GCC_WARN_UNUSED_VARIABLE = YES;
				IPHONEOS_DEPLOYMENT_TARGET = 9.2;
				MTL_ENABLE_DEBUG_INFO = NO;
				SDKROOT = iphoneos;
				VALIDATE_PRODUCT = YES;
			};
			name = Release;
		};
		15693D28201303E1000C22D9 /* Debug */ = {
			isa = XCBuildConfiguration;
			baseConfigurationReference = 126A9C50AF89488A1918FC64 /* Pods-Zippy Contact.debug.xcconfig */;
			buildSettings = {
				ASSETCATALOG_COMPILER_APPICON_NAME = AppIcon;
				INFOPLIST_FILE = "Zippy Contact/Info.plist";
				LD_RUNPATH_SEARCH_PATHS = "$(inherited) @executable_path/Frameworks";
				PRODUCT_BUNDLE_IDENTIFIER = "Andrei-Gurau.Zippy-Contact";
				PRODUCT_NAME = "$(TARGET_NAME)";
				SWIFT_VERSION = 3.0;
			};
			name = Debug;
		};
		15693D29201303E1000C22D9 /* Release */ = {
			isa = XCBuildConfiguration;
			baseConfigurationReference = CCA4477B1699A27331176B0E /* Pods-Zippy Contact.release.xcconfig */;
			buildSettings = {
				ASSETCATALOG_COMPILER_APPICON_NAME = AppIcon;
				INFOPLIST_FILE = "Zippy Contact/Info.plist";
				LD_RUNPATH_SEARCH_PATHS = "$(inherited) @executable_path/Frameworks";
				PRODUCT_BUNDLE_IDENTIFIER = "Andrei-Gurau.Zippy-Contact";
				PRODUCT_NAME = "$(TARGET_NAME)";
				SWIFT_VERSION = 3.0;
			};
			name = Release;
		};
		15693D2B201303E1000C22D9 /* Debug */ = {
			isa = XCBuildConfiguration;
			baseConfigurationReference = C8032391A4EA14CE234DA1F0 /* Pods-Zippy ContactTests.debug.xcconfig */;
			buildSettings = {
				BUNDLE_LOADER = "$(TEST_HOST)";
				INFOPLIST_FILE = "Zippy ContactTests/Info.plist";
				LD_RUNPATH_SEARCH_PATHS = "$(inherited) @executable_path/Frameworks @loader_path/Frameworks";
				PRODUCT_BUNDLE_IDENTIFIER = "Andrei-Gurau.Zippy-ContactTests";
				PRODUCT_NAME = "$(TARGET_NAME)";
				TEST_HOST = "$(BUILT_PRODUCTS_DIR)/Zippy Contact.app/Zippy Contact";
			};
			name = Debug;
		};
		15693D2C201303E1000C22D9 /* Release */ = {
			isa = XCBuildConfiguration;
			baseConfigurationReference = ABFE10E3F1206AFFBA3D85D4 /* Pods-Zippy ContactTests.release.xcconfig */;
			buildSettings = {
				BUNDLE_LOADER = "$(TEST_HOST)";
				INFOPLIST_FILE = "Zippy ContactTests/Info.plist";
				LD_RUNPATH_SEARCH_PATHS = "$(inherited) @executable_path/Frameworks @loader_path/Frameworks";
				PRODUCT_BUNDLE_IDENTIFIER = "Andrei-Gurau.Zippy-ContactTests";
				PRODUCT_NAME = "$(TARGET_NAME)";
				TEST_HOST = "$(BUILT_PRODUCTS_DIR)/Zippy Contact.app/Zippy Contact";
			};
			name = Release;
		};
		15693D2E201303E1000C22D9 /* Debug */ = {
			isa = XCBuildConfiguration;
			baseConfigurationReference = 8AA4578EE4111EE3A8639D57 /* Pods-Zippy ContactUITests.debug.xcconfig */;
			buildSettings = {
				INFOPLIST_FILE = "Zippy ContactUITests/Info.plist";
				LD_RUNPATH_SEARCH_PATHS = "$(inherited) @executable_path/Frameworks @loader_path/Frameworks";
				PRODUCT_BUNDLE_IDENTIFIER = "Andrei-Gurau.Zippy-ContactUITests";
				PRODUCT_NAME = "$(TARGET_NAME)";
				TEST_TARGET_NAME = "Zippy Contact";
				USES_XCTRUNNER = YES;
			};
			name = Debug;
		};
		15693D2F201303E1000C22D9 /* Release */ = {
			isa = XCBuildConfiguration;
			baseConfigurationReference = 5832C9676928819E606DE9BA /* Pods-Zippy ContactUITests.release.xcconfig */;
			buildSettings = {
				INFOPLIST_FILE = "Zippy ContactUITests/Info.plist";
				LD_RUNPATH_SEARCH_PATHS = "$(inherited) @executable_path/Frameworks @loader_path/Frameworks";
				PRODUCT_BUNDLE_IDENTIFIER = "Andrei-Gurau.Zippy-ContactUITests";
				PRODUCT_NAME = "$(TARGET_NAME)";
				TEST_TARGET_NAME = "Zippy Contact";
				USES_XCTRUNNER = YES;
			};
			name = Release;
		};
/* End XCBuildConfiguration section */

/* Begin XCConfigurationList section */
		15693CFA201303E1000C22D9 /* Build configuration list for PBXProject "Zippy Contact" */ = {
			isa = XCConfigurationList;
			buildConfigurations = (
				15693D25201303E1000C22D9 /* Debug */,
				15693D26201303E1000C22D9 /* Release */,
			);
			defaultConfigurationIsVisible = 0;
			defaultConfigurationName = Release;
		};
		15693D27201303E1000C22D9 /* Build configuration list for PBXNativeTarget "Zippy Contact" */ = {
			isa = XCConfigurationList;
			buildConfigurations = (
				15693D28201303E1000C22D9 /* Debug */,
				15693D29201303E1000C22D9 /* Release */,
			);
			defaultConfigurationIsVisible = 0;
			defaultConfigurationName = Release;
		};
		15693D2A201303E1000C22D9 /* Build configuration list for PBXNativeTarget "Zippy ContactTests" */ = {
			isa = XCConfigurationList;
			buildConfigurations = (
				15693D2B201303E1000C22D9 /* Debug */,
				15693D2C201303E1000C22D9 /* Release */,
			);
			defaultConfigurationIsVisible = 0;
			defaultConfigurationName = Release;
		};
		15693D2D201303E1000C22D9 /* Build configuration list for PBXNativeTarget "Zippy ContactUITests" */ = {
			isa = XCConfigurationList;
			buildConfigurations = (
				15693D2E201303E1000C22D9 /* Debug */,
				15693D2F201303E1000C22D9 /* Release */,
			);
			defaultConfigurationIsVisible = 0;
			defaultConfigurationName = Release;
		};
/* End XCConfigurationList section */
	};
	rootObject = 15693CF7201303E1000C22D9 /* Project object */;
}
